
Microsoft Visual Studio Solution File, Format Version 12.00
# Visual Studio Version 16
VisualStudioVersion = 16.0.31321.278
MinimumVisualStudioVersion = 10.0.40219.1
Project("{FAE04EC0-301F-11D3-BF4B-00C04F79EFBC}") = "PlayStationDiscord", "PlayStationDiscord.csproj", "{5EDC5F59-FD8B-4F2D-A2F2-A64CD092ECEE}"
EndProject
Global
	GlobalSection(SolutionConfigurationPlatforms) = preSolution
		Debug|Any CPU = Debug|Any CPU
		Release|Any CPU = Release|Any CPU
	EndGlobalSection
	GlobalSection(ProjectConfigurationPlatforms) = postSolution
		{5EDC5F59-FD8B-4F2D-A2F2-A64CD092ECEE}.Debug|Any CPU.ActiveCfg = Debug|Any CPU
		{5EDC5F59-FD8B-4F2D-A2F2-A64CD092ECEE}.Debug|Any CPU.Build.0 = Debug|Any CPU
		{5EDC5F59-FD8B-4F2D-A2F2-A64CD092ECEE}.Release|Any CPU.ActiveCfg = Release|Any CPU
		{5EDC5F59-FD8B-4F2D-A2F2-A64CD092ECEE}.Release|Any CPU.Build.0 = Release|Any CPU
	EndGlobalSection
	GlobalSection(SolutionProperties) = preSolution
		HideSolutionNode = FALSE
	EndGlobalSection
	GlobalSection(ExtensibilityGlobals) = postSolution
		SolutionGuid = {134C48DC-D5CA-41C3-8EF6-67C5DED871F6}
	EndGlobalSection
EndGlobal
